// !$*UTF8*$!
{
	archiveVersion = 1;
	classes = {
	};
	objectVersion = 55;
	objects = {

/* Begin PBXBuildFile section */
		922A5CF928A8CD50001E55BA /* AppDelegate.swift in Sources */ = {isa = PBXBuildFile; fileRef = 922A5CF828A8CD50001E55BA /* AppDelegate.swift */; };
		922A5D0228A8CD50001E55BA /* Assets.xcassets in Resources */ = {isa = PBXBuildFile; fileRef = 922A5D0128A8CD50001E55BA /* Assets.xcassets */; };
		922A5D0528A8CD50001E55BA /* LaunchScreen.storyboard in Resources */ = {isa = PBXBuildFile; fileRef = 922A5D0328A8CD50001E55BA /* LaunchScreen.storyboard */; };
		922A5D1028A8CD50001E55BA /* BMMainAppTests.swift in Sources */ = {isa = PBXBuildFile; fileRef = 922A5D0F28A8CD50001E55BA /* BMMainAppTests.swift */; };
		922A5D1A28A8CD50001E55BA /* BMMainAppUITests.swift in Sources */ = {isa = PBXBuildFile; fileRef = 922A5D1928A8CD50001E55BA /* BMMainAppUITests.swift */; };
		922A5D1C28A8CD50001E55BA /* BMMainAppUITestsLaunchTests.swift in Sources */ = {isa = PBXBuildFile; fileRef = 922A5D1B28A8CD50001E55BA /* BMMainAppUITestsLaunchTests.swift */; };
		922A5D3028A8CE29001E55BA /* AppDelegateManagerExtension.swift in Sources */ = {isa = PBXBuildFile; fileRef = 922A5D2F28A8CE29001E55BA /* AppDelegateManagerExtension.swift */; };
		922A5D3228A8CE5B001E55BA /* AppDelegateGoogleExtension.swift in Sources */ = {isa = PBXBuildFile; fileRef = 922A5D3128A8CE5B001E55BA /* AppDelegateGoogleExtension.swift */; };
		922A5D3428A8CE74001E55BA /* AppDelegateKeyBoardExtension.swift in Sources */ = {isa = PBXBuildFile; fileRef = 922A5D3328A8CE74001E55BA /* AppDelegateKeyBoardExtension.swift */; };
		922A5D3628A8CE95001E55BA /* AppDelegateNavStyleExtension.swift in Sources */ = {isa = PBXBuildFile; fileRef = 922A5D3528A8CE95001E55BA /* AppDelegateNavStyleExtension.swift */; };
		922A5D3928A8CEE5001E55BA /* GHGlobalConfig-info.json in Resources */ = {isa = PBXBuildFile; fileRef = 922A5D3828A8CEE5001E55BA /* GHGlobalConfig-info.json */; };
		922A5D3C28A8D02F001E55BA /* IQKeyboardManagerSwift in Frameworks */ = {isa = PBXBuildFile; productRef = 922A5D3B28A8D02F001E55BA /* IQKeyboardManagerSwift */; };
		922A5D3F28A8D05D001E55BA /* bkonboardingapi in Frameworks */ = {isa = PBXBuildFile; productRef = 922A5D3E28A8D05D001E55BA /* bkonboardingapi */; };
		922A5D4628A8F00B001E55BA /* bkrideapi in Frameworks */ = {isa = PBXBuildFile; productRef = 922A5D4528A8F00B001E55BA /* bkrideapi */; };
		922A5D4A28A8F181001E55BA /* GoogleMaps in Frameworks */ = {isa = PBXBuildFile; productRef = 922A5D4928A8F181001E55BA /* GoogleMaps */; };
		922A5D4C28A8F181001E55BA /* GooglePlaces in Frameworks */ = {isa = PBXBuildFile; productRef = 922A5D4B28A8F181001E55BA /* GooglePlaces */; };
		92BD844928A9878A0080CB12 /* bkdashboardapi in Frameworks */ = {isa = PBXBuildFile; productRef = 92BD844828A9878A0080CB12 /* bkdashboardapi */; };
/* End PBXBuildFile section */

/* Begin PBXContainerItemProxy section */
		922A5D0C28A8CD50001E55BA /* PBXContainerItemProxy */ = {
			isa = PBXContainerItemProxy;
			containerPortal = 922A5CED28A8CD50001E55BA /* Project object */;
			proxyType = 1;
			remoteGlobalIDString = 922A5CF428A8CD50001E55BA;
			remoteInfo = BMMainApp;
		};
		922A5D1628A8CD50001E55BA /* PBXContainerItemProxy */ = {
			isa = PBXContainerItemProxy;
			containerPortal = 922A5CED28A8CD50001E55BA /* Project object */;
			proxyType = 1;
			remoteGlobalIDString = 922A5CF428A8CD50001E55BA;
			remoteInfo = BMMainApp;
		};
/* End PBXContainerItemProxy section */

/* Begin PBXFileReference section */
		922A5CF528A8CD50001E55BA /* BMMainApp.app */ = {isa = PBXFileReference; explicitFileType = wrapper.application; includeInIndex = 0; path = BMMainApp.app; sourceTree = BUILT_PRODUCTS_DIR; };
		922A5CF828A8CD50001E55BA /* AppDelegate.swift */ = {isa = PBXFileReference; lastKnownFileType = sourcecode.swift; path = AppDelegate.swift; sourceTree = "<group>"; };
		922A5D0128A8CD50001E55BA /* Assets.xcassets */ = {isa = PBXFileReference; lastKnownFileType = folder.assetcatalog; path = Assets.xcassets; sourceTree = "<group>"; };
		922A5D0428A8CD50001E55BA /* Base */ = {isa = PBXFileReference; lastKnownFileType = file.storyboard; name = Base; path = Base.lproj/LaunchScreen.storyboard; sourceTree = "<group>"; };
		922A5D0628A8CD50001E55BA /* Info.plist */ = {isa = PBXFileReference; lastKnownFileType = text.plist.xml; path = Info.plist; sourceTree = "<group>"; };
		922A5D0B28A8CD50001E55BA /* BMMainAppTests.xctest */ = {isa = PBXFileReference; explicitFileType = wrapper.cfbundle; includeInIndex = 0; path = BMMainAppTests.xctest; sourceTree = BUILT_PRODUCTS_DIR; };
		922A5D0F28A8CD50001E55BA /* BMMainAppTests.swift */ = {isa = PBXFileReference; lastKnownFileType = sourcecode.swift; path = BMMainAppTests.swift; sourceTree = "<group>"; };
		922A5D1528A8CD50001E55BA /* BMMainAppUITests.xctest */ = {isa = PBXFileReference; explicitFileType = wrapper.cfbundle; includeInIndex = 0; path = BMMainAppUITests.xctest; sourceTree = BUILT_PRODUCTS_DIR; };
		922A5D1928A8CD50001E55BA /* BMMainAppUITests.swift */ = {isa = PBXFileReference; lastKnownFileType = sourcecode.swift; path = BMMainAppUITests.swift; sourceTree = "<group>"; };
		922A5D1B28A8CD50001E55BA /* BMMainAppUITestsLaunchTests.swift */ = {isa = PBXFileReference; lastKnownFileType = sourcecode.swift; path = BMMainAppUITestsLaunchTests.swift; sourceTree = "<group>"; };
		922A5D2F28A8CE29001E55BA /* AppDelegateManagerExtension.swift */ = {isa = PBXFileReference; lastKnownFileType = sourcecode.swift; path = AppDelegateManagerExtension.swift; sourceTree = "<group>"; };
		922A5D3128A8CE5B001E55BA /* AppDelegateGoogleExtension.swift */ = {isa = PBXFileReference; lastKnownFileType = sourcecode.swift; path = AppDelegateGoogleExtension.swift; sourceTree = "<group>"; };
		922A5D3328A8CE74001E55BA /* AppDelegateKeyBoardExtension.swift */ = {isa = PBXFileReference; lastKnownFileType = sourcecode.swift; path = AppDelegateKeyBoardExtension.swift; sourceTree = "<group>"; };
		922A5D3528A8CE95001E55BA /* AppDelegateNavStyleExtension.swift */ = {isa = PBXFileReference; lastKnownFileType = sourcecode.swift; path = AppDelegateNavStyleExtension.swift; sourceTree = "<group>"; };
		922A5D3828A8CEE5001E55BA /* GHGlobalConfig-info.json */ = {isa = PBXFileReference; fileEncoding = 4; lastKnownFileType = text.json; path = "GHGlobalConfig-info.json"; sourceTree = "<group>"; };
		922A5D4328A8E706001E55BA /* es-419 */ = {isa = PBXFileReference; lastKnownFileType = text.plist.strings; name = "es-419"; path = "es-419.lproj/LaunchScreen.strings"; sourceTree = "<group>"; };
/* End PBXFileReference section */

/* Begin PBXFrameworksBuildPhase section */
		922A5CF228A8CD50001E55BA /* Frameworks */ = {
			isa = PBXFrameworksBuildPhase;
			buildActionMask = 2147483647;
			files = (
				922A5D4A28A8F181001E55BA /* GoogleMaps in Frameworks */,
				922A5D3C28A8D02F001E55BA /* IQKeyboardManagerSwift in Frameworks */,
				922A5D3F28A8D05D001E55BA /* bkonboardingapi in Frameworks */,
				92BD844928A9878A0080CB12 /* bkdashboardapi in Frameworks */,
				922A5D4C28A8F181001E55BA /* GooglePlaces in Frameworks */,
				922A5D4628A8F00B001E55BA /* bkrideapi in Frameworks */,
			);
			runOnlyForDeploymentPostprocessing = 0;
		};
		922A5D0828A8CD50001E55BA /* Frameworks */ = {
			isa = PBXFrameworksBuildPhase;
			buildActionMask = 2147483647;
			files = (
			);
			runOnlyForDeploymentPostprocessing = 0;
		};
		922A5D1228A8CD50001E55BA /* Frameworks */ = {
			isa = PBXFrameworksBuildPhase;
			buildActionMask = 2147483647;
			files = (
			);
			runOnlyForDeploymentPostprocessing = 0;
		};
/* End PBXFrameworksBuildPhase section */

/* Begin PBXGroup section */
		922A5CEC28A8CD50001E55BA = {
			isa = PBXGroup;
			children = (
				922A5D4028A8D0A9001E55BA /* Packages */,
				922A5CF728A8CD50001E55BA /* BMMainApp */,
				922A5D0E28A8CD50001E55BA /* BMMainAppTests */,
				922A5D1828A8CD50001E55BA /* BMMainAppUITests */,
				922A5CF628A8CD50001E55BA /* Products */,
			);
			sourceTree = "<group>";
		};
		922A5CF628A8CD50001E55BA /* Products */ = {
			isa = PBXGroup;
			children = (
				922A5CF528A8CD50001E55BA /* BMMainApp.app */,
				922A5D0B28A8CD50001E55BA /* BMMainAppTests.xctest */,
				922A5D1528A8CD50001E55BA /* BMMainAppUITests.xctest */,
			);
			name = Products;
			sourceTree = "<group>";
		};
		922A5CF728A8CD50001E55BA /* BMMainApp */ = {
			isa = PBXGroup;
			children = (
				922A5D2928A8CDB6001E55BA /* delegate */,
				922A5D2A28A8CDBF001E55BA /* module */,
				922A5D2B28A8CDC5001E55BA /* resources */,
				922A5D0628A8CD50001E55BA /* Info.plist */,
			);
			path = BMMainApp;
			sourceTree = "<group>";
		};
		922A5D0E28A8CD50001E55BA /* BMMainAppTests */ = {
			isa = PBXGroup;
			children = (
				922A5D0F28A8CD50001E55BA /* BMMainAppTests.swift */,
			);
			path = BMMainAppTests;
			sourceTree = "<group>";
		};
		922A5D1828A8CD50001E55BA /* BMMainAppUITests */ = {
			isa = PBXGroup;
			children = (
				922A5D1928A8CD50001E55BA /* BMMainAppUITests.swift */,
				922A5D1B28A8CD50001E55BA /* BMMainAppUITestsLaunchTests.swift */,
			);
			path = BMMainAppUITests;
			sourceTree = "<group>";
		};
		922A5D2928A8CDB6001E55BA /* delegate */ = {
			isa = PBXGroup;
			children = (
				922A5D2E28A8CE1E001E55BA /* extension */,
				922A5CF828A8CD50001E55BA /* AppDelegate.swift */,
			);
			path = delegate;
			sourceTree = "<group>";
		};
		922A5D2A28A8CDBF001E55BA /* module */ = {
			isa = PBXGroup;
			children = (
				922A5D2C28A8CDFF001E55BA /* splash */,
			);
			path = module;
			sourceTree = "<group>";
		};
		922A5D2B28A8CDC5001E55BA /* resources */ = {
			isa = PBXGroup;
			children = (
				922A5D3728A8CEC2001E55BA /* assets */,
			);
			path = resources;
			sourceTree = "<group>";
		};
		922A5D2C28A8CDFF001E55BA /* splash */ = {
			isa = PBXGroup;
			children = (
				922A5D2D28A8CE03001E55BA /* storyboard */,
			);
			path = splash;
			sourceTree = "<group>";
		};
		922A5D2D28A8CE03001E55BA /* storyboard */ = {
			isa = PBXGroup;
			children = (
				922A5D0328A8CD50001E55BA /* LaunchScreen.storyboard */,
			);
			path = storyboard;
			sourceTree = "<group>";
		};
		922A5D2E28A8CE1E001E55BA /* extension */ = {
			isa = PBXGroup;
			children = (
				922A5D2F28A8CE29001E55BA /* AppDelegateManagerExtension.swift */,
				922A5D3128A8CE5B001E55BA /* AppDelegateGoogleExtension.swift */,
				922A5D3328A8CE74001E55BA /* AppDelegateKeyBoardExtension.swift */,
				922A5D3528A8CE95001E55BA /* AppDelegateNavStyleExtension.swift */,
			);
			path = extension;
			sourceTree = "<group>";
		};
		922A5D3728A8CEC2001E55BA /* assets */ = {
			isa = PBXGroup;
			children = (
				922A5D3828A8CEE5001E55BA /* GHGlobalConfig-info.json */,
				922A5D0128A8CD50001E55BA /* Assets.xcassets */,
			);
			path = assets;
			sourceTree = "<group>";
		};
		922A5D4028A8D0A9001E55BA /* Packages */ = {
			isa = PBXGroup;
			children = (
			);
			name = Packages;
			sourceTree = "<group>";
		};
/* End PBXGroup section */

/* Begin PBXNativeTarget section */
		922A5CF428A8CD50001E55BA /* BMMainApp */ = {
			isa = PBXNativeTarget;
			buildConfigurationList = 922A5D1F28A8CD50001E55BA /* Build configuration list for PBXNativeTarget "BMMainApp" */;
			buildPhases = (
				922A5CF128A8CD50001E55BA /* Sources */,
				922A5CF228A8CD50001E55BA /* Frameworks */,
				922A5CF328A8CD50001E55BA /* Resources */,
			);
			buildRules = (
			);
			dependencies = (
			);
			name = BMMainApp;
			packageProductDependencies = (
				922A5D3B28A8D02F001E55BA /* IQKeyboardManagerSwift */,
				922A5D3E28A8D05D001E55BA /* bkonboardingapi */,
				922A5D4528A8F00B001E55BA /* bkrideapi */,
				922A5D4928A8F181001E55BA /* GoogleMaps */,
				922A5D4B28A8F181001E55BA /* GooglePlaces */,
				92BD844828A9878A0080CB12 /* bkdashboardapi */,
			);
			productName = BMMainApp;
			productReference = 922A5CF528A8CD50001E55BA /* BMMainApp.app */;
			productType = "com.apple.product-type.application";
		};
		922A5D0A28A8CD50001E55BA /* BMMainAppTests */ = {
			isa = PBXNativeTarget;
			buildConfigurationList = 922A5D2228A8CD50001E55BA /* Build configuration list for PBXNativeTarget "BMMainAppTests" */;
			buildPhases = (
				922A5D0728A8CD50001E55BA /* Sources */,
				922A5D0828A8CD50001E55BA /* Frameworks */,
				922A5D0928A8CD50001E55BA /* Resources */,
			);
			buildRules = (
			);
			dependencies = (
				922A5D0D28A8CD50001E55BA /* PBXTargetDependency */,
			);
			name = BMMainAppTests;
			productName = BMMainAppTests;
			productReference = 922A5D0B28A8CD50001E55BA /* BMMainAppTests.xctest */;
			productType = "com.apple.product-type.bundle.unit-test";
		};
		922A5D1428A8CD50001E55BA /* BMMainAppUITests */ = {
			isa = PBXNativeTarget;
			buildConfigurationList = 922A5D2528A8CD50001E55BA /* Build configuration list for PBXNativeTarget "BMMainAppUITests" */;
			buildPhases = (
				922A5D1128A8CD50001E55BA /* Sources */,
				922A5D1228A8CD50001E55BA /* Frameworks */,
				922A5D1328A8CD50001E55BA /* Resources */,
			);
			buildRules = (
			);
			dependencies = (
				922A5D1728A8CD50001E55BA /* PBXTargetDependency */,
			);
			name = BMMainAppUITests;
			productName = BMMainAppUITests;
			productReference = 922A5D1528A8CD50001E55BA /* BMMainAppUITests.xctest */;
			productType = "com.apple.product-type.bundle.ui-testing";
		};
/* End PBXNativeTarget section */

/* Begin PBXProject section */
		922A5CED28A8CD50001E55BA /* Project object */ = {
			isa = PBXProject;
			attributes = {
				BuildIndependentTargetsInParallel = 1;
				LastSwiftUpdateCheck = 1340;
				LastUpgradeCheck = 1340;
				TargetAttributes = {
					922A5CF428A8CD50001E55BA = {
						CreatedOnToolsVersion = 13.4.1;
					};
					922A5D0A28A8CD50001E55BA = {
						CreatedOnToolsVersion = 13.4.1;
						TestTargetID = 922A5CF428A8CD50001E55BA;
					};
					922A5D1428A8CD50001E55BA = {
						CreatedOnToolsVersion = 13.4.1;
						TestTargetID = 922A5CF428A8CD50001E55BA;
					};
				};
			};
			buildConfigurationList = 922A5CF028A8CD50001E55BA /* Build configuration list for PBXProject "BMMainApp" */;
			compatibilityVersion = "Xcode 13.0";
			developmentRegion = en;
			hasScannedForEncodings = 0;
			knownRegions = (
				en,
				Base,
				"es-419",
			);
			mainGroup = 922A5CEC28A8CD50001E55BA;
			packageReferences = (
				922A5D3A28A8D02F001E55BA /* XCRemoteSwiftPackageReference "IQKeyboardManager" */,
				922A5D3D28A8D05D001E55BA /* XCRemoteSwiftPackageReference "bkonboardingapi" */,
				922A5D4428A8F00B001E55BA /* XCRemoteSwiftPackageReference "bkrideapi" */,
				922A5D4828A8F181001E55BA /* XCRemoteSwiftPackageReference "GoogleMaps-SP" */,
				92BD844728A9878A0080CB12 /* XCRemoteSwiftPackageReference "bkdashboardapi" */,
			);
			productRefGroup = 922A5CF628A8CD50001E55BA /* Products */;
			projectDirPath = "";
			projectRoot = "";
			targets = (
				922A5CF428A8CD50001E55BA /* BMMainApp */,
				922A5D0A28A8CD50001E55BA /* BMMainAppTests */,
				922A5D1428A8CD50001E55BA /* BMMainAppUITests */,
			);
		};
/* End PBXProject section */

/* Begin PBXResourcesBuildPhase section */
		922A5CF328A8CD50001E55BA /* Resources */ = {
			isa = PBXResourcesBuildPhase;
			buildActionMask = 2147483647;
			files = (
				922A5D0528A8CD50001E55BA /* LaunchScreen.storyboard in Resources */,
				922A5D0228A8CD50001E55BA /* Assets.xcassets in Resources */,
				922A5D3928A8CEE5001E55BA /* GHGlobalConfig-info.json in Resources */,
			);
			runOnlyForDeploymentPostprocessing = 0;
		};
		922A5D0928A8CD50001E55BA /* Resources */ = {
			isa = PBXResourcesBuildPhase;
			buildActionMask = 2147483647;
			files = (
			);
			runOnlyForDeploymentPostprocessing = 0;
		};
		922A5D1328A8CD50001E55BA /* Resources */ = {
			isa = PBXResourcesBuildPhase;
			buildActionMask = 2147483647;
			files = (
			);
			runOnlyForDeploymentPostprocessing = 0;
		};
/* End PBXResourcesBuildPhase section */

/* Begin PBXSourcesBuildPhase section */
		922A5CF128A8CD50001E55BA /* Sources */ = {
			isa = PBXSourcesBuildPhase;
			buildActionMask = 2147483647;
			files = (
				922A5D3028A8CE29001E55BA /* AppDelegateManagerExtension.swift in Sources */,
				922A5CF928A8CD50001E55BA /* AppDelegate.swift in Sources */,
				922A5D3228A8CE5B001E55BA /* AppDelegateGoogleExtension.swift in Sources */,
				922A5D3628A8CE95001E55BA /* AppDelegateNavStyleExtension.swift in Sources */,
				922A5D3428A8CE74001E55BA /* AppDelegateKeyBoardExtension.swift in Sources */,
			);
			runOnlyForDeploymentPostprocessing = 0;
		};
		922A5D0728A8CD50001E55BA /* Sources */ = {
			isa = PBXSourcesBuildPhase;
			buildActionMask = 2147483647;
			files = (
				922A5D1028A8CD50001E55BA /* BMMainAppTests.swift in Sources */,
			);
			runOnlyForDeploymentPostprocessing = 0;
		};
		922A5D1128A8CD50001E55BA /* Sources */ = {
			isa = PBXSourcesBuildPhase;
			buildActionMask = 2147483647;
			files = (
				922A5D1C28A8CD50001E55BA /* BMMainAppUITestsLaunchTests.swift in Sources */,
				922A5D1A28A8CD50001E55BA /* BMMainAppUITests.swift in Sources */,
			);
			runOnlyForDeploymentPostprocessing = 0;
		};
/* End PBXSourcesBuildPhase section */

/* Begin PBXTargetDependency section */
		922A5D0D28A8CD50001E55BA /* PBXTargetDependency */ = {
			isa = PBXTargetDependency;
			target = 922A5CF428A8CD50001E55BA /* BMMainApp */;
			targetProxy = 922A5D0C28A8CD50001E55BA /* PBXContainerItemProxy */;
		};
		922A5D1728A8CD50001E55BA /* PBXTargetDependency */ = {
			isa = PBXTargetDependency;
			target = 922A5CF428A8CD50001E55BA /* BMMainApp */;
			targetProxy = 922A5D1628A8CD50001E55BA /* PBXContainerItemProxy */;
		};
/* End PBXTargetDependency section */

/* Begin PBXVariantGroup section */
		922A5D0328A8CD50001E55BA /* LaunchScreen.storyboard */ = {
			isa = PBXVariantGroup;
			children = (
				922A5D0428A8CD50001E55BA /* Base */,
				922A5D4328A8E706001E55BA /* es-419 */,
			);
			name = LaunchScreen.storyboard;
			sourceTree = "<group>";
		};
/* End PBXVariantGroup section */

/* Begin XCBuildConfiguration section */
		922A5D1D28A8CD50001E55BA /* Debug */ = {
			isa = XCBuildConfiguration;
			buildSettings = {
				ALWAYS_SEARCH_USER_PATHS = NO;
				CLANG_ANALYZER_LOCALIZABILITY_NONLOCALIZED = YES;
				CLANG_ANALYZER_NONNULL = YES;
				CLANG_ANALYZER_NUMBER_OBJECT_CONVERSION = YES_AGGRESSIVE;
				CLANG_CXX_LANGUAGE_STANDARD = "gnu++17";
				CLANG_ENABLE_MODULES = YES;
				CLANG_ENABLE_OBJC_ARC = YES;
				CLANG_ENABLE_OBJC_WEAK = YES;
				CLANG_WARN_BLOCK_CAPTURE_AUTORELEASING = YES;
				CLANG_WARN_BOOL_CONVERSION = YES;
				CLANG_WARN_COMMA = YES;
				CLANG_WARN_CONSTANT_CONVERSION = YES;
				CLANG_WARN_DEPRECATED_OBJC_IMPLEMENTATIONS = YES;
				CLANG_WARN_DIRECT_OBJC_ISA_USAGE = YES_ERROR;
				CLANG_WARN_DOCUMENTATION_COMMENTS = YES;
				CLANG_WARN_EMPTY_BODY = YES;
				CLANG_WARN_ENUM_CONVERSION = YES;
				CLANG_WARN_INFINITE_RECURSION = YES;
				CLANG_WARN_INT_CONVERSION = YES;
				CLANG_WARN_NON_LITERAL_NULL_CONVERSION = YES;
				CLANG_WARN_OBJC_IMPLICIT_RETAIN_SELF = YES;
				CLANG_WARN_OBJC_LITERAL_CONVERSION = YES;
				CLANG_WARN_OBJC_ROOT_CLASS = YES_ERROR;
				CLANG_WARN_QUOTED_INCLUDE_IN_FRAMEWORK_HEADER = YES;
				CLANG_WARN_RANGE_LOOP_ANALYSIS = YES;
				CLANG_WARN_STRICT_PROTOTYPES = YES;
				CLANG_WARN_SUSPICIOUS_MOVE = YES;
				CLANG_WARN_UNGUARDED_AVAILABILITY = YES_AGGRESSIVE;
				CLANG_WARN_UNREACHABLE_CODE = YES;
				CLANG_WARN__DUPLICATE_METHOD_MATCH = YES;
				COPY_PHASE_STRIP = NO;
				DEBUG_INFORMATION_FORMAT = dwarf;
				ENABLE_STRICT_OBJC_MSGSEND = YES;
				ENABLE_TESTABILITY = YES;
				GCC_C_LANGUAGE_STANDARD = gnu11;
				GCC_DYNAMIC_NO_PIC = NO;
				GCC_NO_COMMON_BLOCKS = YES;
				GCC_OPTIMIZATION_LEVEL = 0;
				GCC_PREPROCESSOR_DEFINITIONS = (
					"DEBUG=1",
					"$(inherited)",
				);
				GCC_WARN_64_TO_32_BIT_CONVERSION = YES;
				GCC_WARN_ABOUT_RETURN_TYPE = YES_ERROR;
				GCC_WARN_UNDECLARED_SELECTOR = YES;
				GCC_WARN_UNINITIALIZED_AUTOS = YES_AGGRESSIVE;
				GCC_WARN_UNUSED_FUNCTION = YES;
				GCC_WARN_UNUSED_VARIABLE = YES;
				IPHONEOS_DEPLOYMENT_TARGET = 15.5;
				MTL_ENABLE_DEBUG_INFO = INCLUDE_SOURCE;
				MTL_FAST_MATH = YES;
				ONLY_ACTIVE_ARCH = YES;
				SDKROOT = iphoneos;
				SWIFT_ACTIVE_COMPILATION_CONDITIONS = DEBUG;
				SWIFT_OPTIMIZATION_LEVEL = "-Onone";
			};
			name = Debug;
		};
		922A5D1E28A8CD50001E55BA /* Release */ = {
			isa = XCBuildConfiguration;
			buildSettings = {
				ALWAYS_SEARCH_USER_PATHS = NO;
				CLANG_ANALYZER_LOCALIZABILITY_NONLOCALIZED = YES;
				CLANG_ANALYZER_NONNULL = YES;
				CLANG_ANALYZER_NUMBER_OBJECT_CONVERSION = YES_AGGRESSIVE;
				CLANG_CXX_LANGUAGE_STANDARD = "gnu++17";
				CLANG_ENABLE_MODULES = YES;
				CLANG_ENABLE_OBJC_ARC = YES;
				CLANG_ENABLE_OBJC_WEAK = YES;
				CLANG_WARN_BLOCK_CAPTURE_AUTORELEASING = YES;
				CLANG_WARN_BOOL_CONVERSION = YES;
				CLANG_WARN_COMMA = YES;
				CLANG_WARN_CONSTANT_CONVERSION = YES;
				CLANG_WARN_DEPRECATED_OBJC_IMPLEMENTATIONS = YES;
				CLANG_WARN_DIRECT_OBJC_ISA_USAGE = YES_ERROR;
				CLANG_WARN_DOCUMENTATION_COMMENTS = YES;
				CLANG_WARN_EMPTY_BODY = YES;
				CLANG_WARN_ENUM_CONVERSION = YES;
				CLANG_WARN_INFINITE_RECURSION = YES;
				CLANG_WARN_INT_CONVERSION = YES;
				CLANG_WARN_NON_LITERAL_NULL_CONVERSION = YES;
				CLANG_WARN_OBJC_IMPLICIT_RETAIN_SELF = YES;
				CLANG_WARN_OBJC_LITERAL_CONVERSION = YES;
				CLANG_WARN_OBJC_ROOT_CLASS = YES_ERROR;
				CLANG_WARN_QUOTED_INCLUDE_IN_FRAMEWORK_HEADER = YES;
				CLANG_WARN_RANGE_LOOP_ANALYSIS = YES;
				CLANG_WARN_STRICT_PROTOTYPES = YES;
				CLANG_WARN_SUSPICIOUS_MOVE = YES;
				CLANG_WARN_UNGUARDED_AVAILABILITY = YES_AGGRESSIVE;
				CLANG_WARN_UNREACHABLE_CODE = YES;
				CLANG_WARN__DUPLICATE_METHOD_MATCH = YES;
				COPY_PHASE_STRIP = NO;
				DEBUG_INFORMATION_FORMAT = "dwarf-with-dsym";
				ENABLE_NS_ASSERTIONS = NO;
				ENABLE_STRICT_OBJC_MSGSEND = YES;
				GCC_C_LANGUAGE_STANDARD = gnu11;
				GCC_NO_COMMON_BLOCKS = YES;
				GCC_WARN_64_TO_32_BIT_CONVERSION = YES;
				GCC_WARN_ABOUT_RETURN_TYPE = YES_ERROR;
				GCC_WARN_UNDECLARED_SELECTOR = YES;
				GCC_WARN_UNINITIALIZED_AUTOS = YES_AGGRESSIVE;
				GCC_WARN_UNUSED_FUNCTION = YES;
				GCC_WARN_UNUSED_VARIABLE = YES;
				IPHONEOS_DEPLOYMENT_TARGET = 15.5;
				MTL_ENABLE_DEBUG_INFO = NO;
				MTL_FAST_MATH = YES;
				SDKROOT = iphoneos;
				SWIFT_COMPILATION_MODE = wholemodule;
				SWIFT_OPTIMIZATION_LEVEL = "-O";
				VALIDATE_PRODUCT = YES;
			};
			name = Release;
		};
		922A5D2028A8CD50001E55BA /* Debug */ = {
			isa = XCBuildConfiguration;
			buildSettings = {
				ASSETCATALOG_COMPILER_APPICON_NAME = AppIcon;
				ASSETCATALOG_COMPILER_GLOBAL_ACCENT_COLOR_NAME = AccentColor;
				CODE_SIGN_STYLE = Automatic;
				CURRENT_PROJECT_VERSION = 1;
				DEVELOPMENT_TEAM = 6A5X7JBF46;
				GENERATE_INFOPLIST_FILE = YES;
				INFOPLIST_FILE = BMMainApp/Info.plist;
				INFOPLIST_KEY_NSLocationAlwaysAndWhenInUseUsageDescription = "Show your location on the map";
				INFOPLIST_KEY_NSLocationAlwaysUsageDescription = "Show your location on the map";
				INFOPLIST_KEY_NSLocationWhenInUseUsageDescription = "Show your location on the map";
				INFOPLIST_KEY_UIApplicationSupportsIndirectInputEvents = YES;
				INFOPLIST_KEY_UILaunchStoryboardName = LaunchScreen;
				INFOPLIST_KEY_UIStatusBarHidden = YES;
				INFOPLIST_KEY_UISupportedInterfaceOrientations_iPhone = UIInterfaceOrientationPortrait;
				LD_RUNPATH_SEARCH_PATHS = (
					"$(inherited)",
					"@executable_path/Frameworks",
				);
				MARKETING_VERSION = 1.0;
				PRODUCT_BUNDLE_IDENTIFIER = com.gipsyhub.BMMainApp;
				PRODUCT_NAME = "$(TARGET_NAME)";
				SWIFT_EMIT_LOC_STRINGS = YES;
				SWIFT_VERSION = 5.0;
				TARGETED_DEVICE_FAMILY = 1;
			};
			name = Debug;
		};
		922A5D2128A8CD50001E55BA /* Release */ = {
			isa = XCBuildConfiguration;
			buildSettings = {
				ASSETCATALOG_COMPILER_APPICON_NAME = AppIcon;
				ASSETCATALOG_COMPILER_GLOBAL_ACCENT_COLOR_NAME = AccentColor;
				CODE_SIGN_STYLE = Automatic;
				CURRENT_PROJECT_VERSION = 1;
				DEVELOPMENT_TEAM = 6A5X7JBF46;
				GENERATE_INFOPLIST_FILE = YES;
				INFOPLIST_FILE = BMMainApp/Info.plist;
				INFOPLIST_KEY_NSLocationAlwaysAndWhenInUseUsageDescription = "Show your location on the map";
				INFOPLIST_KEY_NSLocationAlwaysUsageDescription = "Show your location on the map";
				INFOPLIST_KEY_NSLocationWhenInUseUsageDescription = "Show your location on the map";
				INFOPLIST_KEY_UIApplicationSupportsIndirectInputEvents = YES;
				INFOPLIST_KEY_UILaunchStoryboardName = LaunchScreen;
				INFOPLIST_KEY_UIStatusBarHidden = YES;
				INFOPLIST_KEY_UISupportedInterfaceOrientations_iPhone = UIInterfaceOrientationPortrait;
				LD_RUNPATH_SEARCH_PATHS = (
					"$(inherited)",
					"@executable_path/Frameworks",
				);
				MARKETING_VERSION = 1.0;
				PRODUCT_BUNDLE_IDENTIFIER = com.gipsyhub.BMMainApp;
				PRODUCT_NAME = "$(TARGET_NAME)";
				SWIFT_EMIT_LOC_STRINGS = YES;
				SWIFT_VERSION = 5.0;
				TARGETED_DEVICE_FAMILY = 1;
			};
			name = Release;
		};
		922A5D2328A8CD50001E55BA /* Debug */ = {
			isa = XCBuildConfiguration;
			buildSettings = {
				ALWAYS_EMBED_SWIFT_STANDARD_LIBRARIES = YES;
				BUNDLE_LOADER = "$(TEST_HOST)";
				CODE_SIGN_STYLE = Automatic;
				CURRENT_PROJECT_VERSION = 1;
				DEVELOPMENT_TEAM = K36NPWS843;
				GENERATE_INFOPLIST_FILE = YES;
				IPHONEOS_DEPLOYMENT_TARGET = 15.5;
				MARKETING_VERSION = 1.0;
				PRODUCT_BUNDLE_IDENTIFIER = com.gipsyhub.BMMainAppTests;
				PRODUCT_NAME = "$(TARGET_NAME)";
				SWIFT_EMIT_LOC_STRINGS = NO;
				SWIFT_VERSION = 5.0;
				TARGETED_DEVICE_FAMILY = "1,2";
				TEST_HOST = "$(BUILT_PRODUCTS_DIR)/BMMainApp.app/BMMainApp";
			};
			name = Debug;
		};
		922A5D2428A8CD50001E55BA /* Release */ = {
			isa = XCBuildConfiguration;
			buildSettings = {
				ALWAYS_EMBED_SWIFT_STANDARD_LIBRARIES = YES;
				BUNDLE_LOADER = "$(TEST_HOST)";
				CODE_SIGN_STYLE = Automatic;
				CURRENT_PROJECT_VERSION = 1;
				DEVELOPMENT_TEAM = K36NPWS843;
				GENERATE_INFOPLIST_FILE = YES;
				IPHONEOS_DEPLOYMENT_TARGET = 15.5;
				MARKETING_VERSION = 1.0;
				PRODUCT_BUNDLE_IDENTIFIER = com.gipsyhub.BMMainAppTests;
				PRODUCT_NAME = "$(TARGET_NAME)";
				SWIFT_EMIT_LOC_STRINGS = NO;
				SWIFT_VERSION = 5.0;
				TARGETED_DEVICE_FAMILY = "1,2";
				TEST_HOST = "$(BUILT_PRODUCTS_DIR)/BMMainApp.app/BMMainApp";
			};
			name = Release;
		};
		922A5D2628A8CD50001E55BA /* Debug */ = {
			isa = XCBuildConfiguration;
			buildSettings = {
				ALWAYS_EMBED_SWIFT_STANDARD_LIBRARIES = YES;
				CODE_SIGN_STYLE = Automatic;
				CURRENT_PROJECT_VERSION = 1;
				DEVELOPMENT_TEAM = K36NPWS843;
				GENERATE_INFOPLIST_FILE = YES;
				MARKETING_VERSION = 1.0;
				PRODUCT_BUNDLE_IDENTIFIER = com.gipsyhub.BMMainAppUITests;
				PRODUCT_NAME = "$(TARGET_NAME)";
				SWIFT_EMIT_LOC_STRINGS = NO;
				SWIFT_VERSION = 5.0;
				TARGETED_DEVICE_FAMILY = "1,2";
				TEST_TARGET_NAME = BMMainApp;
			};
			name = Debug;
		};
		922A5D2728A8CD50001E55BA /* Release */ = {
			isa = XCBuildConfiguration;
			buildSettings = {
				ALWAYS_EMBED_SWIFT_STANDARD_LIBRARIES = YES;
				CODE_SIGN_STYLE = Automatic;
				CURRENT_PROJECT_VERSION = 1;
				DEVELOPMENT_TEAM = K36NPWS843;
				GENERATE_INFOPLIST_FILE = YES;
				MARKETING_VERSION = 1.0;
				PRODUCT_BUNDLE_IDENTIFIER = com.gipsyhub.BMMainAppUITests;
				PRODUCT_NAME = "$(TARGET_NAME)";
				SWIFT_EMIT_LOC_STRINGS = NO;
				SWIFT_VERSION = 5.0;
				TARGETED_DEVICE_FAMILY = "1,2";
				TEST_TARGET_NAME = BMMainApp;
			};
			name = Release;
		};
/* End XCBuildConfiguration section */

/* Begin XCConfigurationList section */
		922A5CF028A8CD50001E55BA /* Build configuration list for PBXProject "BMMainApp" */ = {
			isa = XCConfigurationList;
			buildConfigurations = (
				922A5D1D28A8CD50001E55BA /* Debug */,
				922A5D1E28A8CD50001E55BA /* Release */,
			);
			defaultConfigurationIsVisible = 0;
			defaultConfigurationName = Release;
		};
		922A5D1F28A8CD50001E55BA /* Build configuration list for PBXNativeTarget "BMMainApp" */ = {
			isa = XCConfigurationList;
			buildConfigurations = (
				922A5D2028A8CD50001E55BA /* Debug */,
				922A5D2128A8CD50001E55BA /* Release */,
			);
			defaultConfigurationIsVisible = 0;
			defaultConfigurationName = Release;
		};
		922A5D2228A8CD50001E55BA /* Build configuration list for PBXNativeTarget "BMMainAppTests" */ = {
			isa = XCConfigurationList;
			buildConfigurations = (
				922A5D2328A8CD50001E55BA /* Debug */,
				922A5D2428A8CD50001E55BA /* Release */,
			);
			defaultConfigurationIsVisible = 0;
			defaultConfigurationName = Release;
		};
		922A5D2528A8CD50001E55BA /* Build configuration list for PBXNativeTarget "BMMainAppUITests" */ = {
			isa = XCConfigurationList;
			buildConfigurations = (
				922A5D2628A8CD50001E55BA /* Debug */,
				922A5D2728A8CD50001E55BA /* Release */,
			);
			defaultConfigurationIsVisible = 0;
			defaultConfigurationName = Release;
		};
/* End XCConfigurationList section */

/* Begin XCRemoteSwiftPackageReference section */
		922A5D3A28A8D02F001E55BA /* XCRemoteSwiftPackageReference "IQKeyboardManager" */ = {
			isa = XCRemoteSwiftPackageReference;
			repositoryURL = "https://github.com/hackiftekhar/IQKeyboardManager.git";
			requirement = {
				branch = master;
				kind = branch;
			};
		};
		922A5D3D28A8D05D001E55BA /* XCRemoteSwiftPackageReference "bkonboardingapi" */ = {
			isa = XCRemoteSwiftPackageReference;
			repositoryURL = "https://github.com/XbikeJavierBC/bkonboardingapi.git";
			requirement = {
				branch = main;
				kind = branch;
			};
		};
		922A5D4428A8F00B001E55BA /* XCRemoteSwiftPackageReference "bkrideapi" */ = {
			isa = XCRemoteSwiftPackageReference;
			repositoryURL = "https://github.com/XbikeJavierBC/bkrideapi.git";
			requirement = {
				branch = main;
				kind = branch;
			};
		};
		922A5D4828A8F181001E55BA /* XCRemoteSwiftPackageReference "GoogleMaps-SP" */ = {
			isa = XCRemoteSwiftPackageReference;
			repositoryURL = "https://github.com/YAtechnologies/GoogleMaps-SP.git";
			requirement = {
				kind = upToNextMajorVersion;
				minimumVersion = 6.0.0;
			};
		};
		92BD844728A9878A0080CB12 /* XCRemoteSwiftPackageReference "bkdashboardapi" */ = {
			isa = XCRemoteSwiftPackageReference;
			repositoryURL = "https://github.com/XbikeJavierBC/bkdashboardapi.git";
			requirement = {
				branch = main;
				kind = branch;
			};
		};
/* End XCRemoteSwiftPackageReference section */

/* Begin XCSwiftPackageProductDependency section */
		922A5D3B28A8D02F001E55BA /* IQKeyboardManagerSwift */ = {
			isa = XCSwiftPackageProductDependency;
			package = 922A5D3A28A8D02F001E55BA /* XCRemoteSwiftPackageReference "IQKeyboardManager" */;
			productName = IQKeyboardManagerSwift;
		};
		922A5D3E28A8D05D001E55BA /* bkonboardingapi */ = {
			isa = XCSwiftPackageProductDependency;
			package = 922A5D3D28A8D05D001E55BA /* XCRemoteSwiftPackageReference "bkonboardingapi" */;
			productName = bkonboardingapi;
		};
		922A5D4528A8F00B001E55BA /* bkrideapi */ = {
			isa = XCSwiftPackageProductDependency;
			package = 922A5D4428A8F00B001E55BA /* XCRemoteSwiftPackageReference "bkrideapi" */;
			productName = bkrideapi;
		};
		922A5D4928A8F181001E55BA /* GoogleMaps */ = {
			isa = XCSwiftPackageProductDependency;
			package = 922A5D4828A8F181001E55BA /* XCRemoteSwiftPackageReference "GoogleMaps-SP" */;
			productName = GoogleMaps;
		};
		922A5D4B28A8F181001E55BA /* GooglePlaces */ = {
			isa = XCSwiftPackageProductDependency;
			package = 922A5D4828A8F181001E55BA /* XCRemoteSwiftPackageReference "GoogleMaps-SP" */;
			productName = GooglePlaces;
		};
		92BD844828A9878A0080CB12 /* bkdashboardapi */ = {
			isa = XCSwiftPackageProductDependency;
			package = 92BD844728A9878A0080CB12 /* XCRemoteSwiftPackageReference "bkdashboardapi" */;
			productName = bkdashboardapi;
		};
/* End XCSwiftPackageProductDependency section */
	};
	rootObject = 922A5CED28A8CD50001E55BA /* Project object */;
}
